// !$*UTF8*$!
{
	archiveVersion = 1;
	classes = {
	};
	objectVersion = 46;
	objects = {

/* Begin PBXBuildFile section */
		9CE7098B1DF09CC300AEDB54 /* AppDelegate.swift in Sources */ = {isa = PBXBuildFile; fileRef = 9CE7098A1DF09CC300AEDB54 /* AppDelegate.swift */; };
		9CE709921DF09CC300AEDB54 /* Assets.xcassets in Resources */ = {isa = PBXBuildFile; fileRef = 9CE709911DF09CC300AEDB54 /* Assets.xcassets */; };
		9CE709951DF09CC300AEDB54 /* LaunchScreen.storyboard in Resources */ = {isa = PBXBuildFile; fileRef = 9CE709931DF09CC300AEDB54 /* LaunchScreen.storyboard */; };
		9CE709A01DF09CC300AEDB54 /* KaleidoNavTests.swift in Sources */ = {isa = PBXBuildFile; fileRef = 9CE7099F1DF09CC300AEDB54 /* KaleidoNavTests.swift */; };
		9CE709AB1DF09CC300AEDB54 /* KaleidoNavUITests.swift in Sources */ = {isa = PBXBuildFile; fileRef = 9CE709AA1DF09CC300AEDB54 /* KaleidoNavUITests.swift */; };
		9CE709BD1DF09D1300AEDB54 /* ConfigView.swift in Sources */ = {isa = PBXBuildFile; fileRef = 9CE709B81DF09D1300AEDB54 /* ConfigView.swift */; };
		9CE709BE1DF09D1300AEDB54 /* ConfigViewController.swift in Sources */ = {isa = PBXBuildFile; fileRef = 9CE709B91DF09D1300AEDB54 /* ConfigViewController.swift */; };
		9CE709BF1DF09D1300AEDB54 /* KaleidoView.swift in Sources */ = {isa = PBXBuildFile; fileRef = 9CE709BA1DF09D1300AEDB54 /* KaleidoView.swift */; };
		9CE709C01DF09D1300AEDB54 /* KaleidoViewController.swift in Sources */ = {isa = PBXBuildFile; fileRef = 9CE709BB1DF09D1300AEDB54 /* KaleidoViewController.swift */; };
		9CE709C11DF09D1300AEDB54 /* ViewController.swift in Sources */ = {isa = PBXBuildFile; fileRef = 9CE709BC1DF09D1300AEDB54 /* ViewController.swift */; };
		9CE709C41DF09D1C00AEDB54 /* Main.storyboard in Resources */ = {isa = PBXBuildFile; fileRef = 9CE709C21DF09D1C00AEDB54 /* Main.storyboard */; };
/* End PBXBuildFile section */

/* Begin PBXContainerItemProxy section */
		9CE7099C1DF09CC300AEDB54 /* PBXContainerItemProxy */ = {
			isa = PBXContainerItemProxy;
			containerPortal = 9CE7097F1DF09CC300AEDB54 /* Project object */;
			proxyType = 1;
			remoteGlobalIDString = 9CE709861DF09CC300AEDB54;
			remoteInfo = KaleidoNav;
		};
		9CE709A71DF09CC300AEDB54 /* PBXContainerItemProxy */ = {
			isa = PBXContainerItemProxy;
			containerPortal = 9CE7097F1DF09CC300AEDB54 /* Project object */;
			proxyType = 1;
			remoteGlobalIDString = 9CE709861DF09CC300AEDB54;
			remoteInfo = KaleidoNav;
		};
/* End PBXContainerItemProxy section */

/* Begin PBXFileReference section */
		9CE709871DF09CC300AEDB54 /* KaleidoNav.app */ = {isa = PBXFileReference; explicitFileType = wrapper.application; includeInIndex = 0; path = KaleidoNav.app; sourceTree = BUILT_PRODUCTS_DIR; };
		9CE7098A1DF09CC300AEDB54 /* AppDelegate.swift */ = {isa = PBXFileReference; lastKnownFileType = sourcecode.swift; path = AppDelegate.swift; sourceTree = "<group>"; };
		9CE709911DF09CC300AEDB54 /* Assets.xcassets */ = {isa = PBXFileReference; lastKnownFileType = folder.assetcatalog; path = Assets.xcassets; sourceTree = "<group>"; };
		9CE709941DF09CC300AEDB54 /* Base */ = {isa = PBXFileReference; lastKnownFileType = file.storyboard; name = Base; path = Base.lproj/LaunchScreen.storyboard; sourceTree = "<group>"; };
		9CE709961DF09CC300AEDB54 /* Info.plist */ = {isa = PBXFileReference; lastKnownFileType = text.plist.xml; path = Info.plist; sourceTree = "<group>"; };
		9CE7099B1DF09CC300AEDB54 /* KaleidoNavTests.xctest */ = {isa = PBXFileReference; explicitFileType = wrapper.cfbundle; includeInIndex = 0; path = KaleidoNavTests.xctest; sourceTree = BUILT_PRODUCTS_DIR; };
		9CE7099F1DF09CC300AEDB54 /* KaleidoNavTests.swift */ = {isa = PBXFileReference; lastKnownFileType = sourcecode.swift; path = KaleidoNavTests.swift; sourceTree = "<group>"; };
		9CE709A11DF09CC300AEDB54 /* Info.plist */ = {isa = PBXFileReference; lastKnownFileType = text.plist.xml; path = Info.plist; sourceTree = "<group>"; };
		9CE709A61DF09CC300AEDB54 /* KaleidoNavUITests.xctest */ = {isa = PBXFileReference; explicitFileType = wrapper.cfbundle; includeInIndex = 0; path = KaleidoNavUITests.xctest; sourceTree = BUILT_PRODUCTS_DIR; };
		9CE709AA1DF09CC300AEDB54 /* KaleidoNavUITests.swift */ = {isa = PBXFileReference; lastKnownFileType = sourcecode.swift; path = KaleidoNavUITests.swift; sourceTree = "<group>"; };
		9CE709AC1DF09CC300AEDB54 /* Info.plist */ = {isa = PBXFileReference; lastKnownFileType = text.plist.xml; path = Info.plist; sourceTree = "<group>"; };
		9CE709B81DF09D1300AEDB54 /* ConfigView.swift */ = {isa = PBXFileReference; fileEncoding = 4; lastKnownFileType = sourcecode.swift; path = ConfigView.swift; sourceTree = "<group>"; };
		9CE709B91DF09D1300AEDB54 /* ConfigViewController.swift */ = {isa = PBXFileReference; fileEncoding = 4; lastKnownFileType = sourcecode.swift; path = ConfigViewController.swift; sourceTree = "<group>"; };
		9CE709BA1DF09D1300AEDB54 /* KaleidoView.swift */ = {isa = PBXFileReference; fileEncoding = 4; lastKnownFileType = sourcecode.swift; path = KaleidoView.swift; sourceTree = "<group>"; };
		9CE709BB1DF09D1300AEDB54 /* KaleidoViewController.swift */ = {isa = PBXFileReference; fileEncoding = 4; lastKnownFileType = sourcecode.swift; path = KaleidoViewController.swift; sourceTree = "<group>"; };
		9CE709BC1DF09D1300AEDB54 /* ViewController.swift */ = {isa = PBXFileReference; fileEncoding = 4; lastKnownFileType = sourcecode.swift; path = ViewController.swift; sourceTree = "<group>"; };
		9CE709C31DF09D1C00AEDB54 /* Base */ = {isa = PBXFileReference; lastKnownFileType = file.storyboard; name = Base; path = Base.lproj/Main.storyboard; sourceTree = "<group>"; };
/* End PBXFileReference section */

/* Begin PBXFrameworksBuildPhase section */
		9CE709841DF09CC300AEDB54 /* Frameworks */ = {
			isa = PBXFrameworksBuildPhase;
			buildActionMask = 2147483647;
			files = (
			);
			runOnlyForDeploymentPostprocessing = 0;
		};
		9CE709981DF09CC300AEDB54 /* Frameworks */ = {
			isa = PBXFrameworksBuildPhase;
			buildActionMask = 2147483647;
			files = (
			);
			runOnlyForDeploymentPostprocessing = 0;
		};
		9CE709A31DF09CC300AEDB54 /* Frameworks */ = {
			isa = PBXFrameworksBuildPhase;
			buildActionMask = 2147483647;
			files = (
			);
			runOnlyForDeploymentPostprocessing = 0;
		};
/* End PBXFrameworksBuildPhase section */

/* Begin PBXGroup section */
		9CE7097E1DF09CC300AEDB54 = {
			isa = PBXGroup;
			children = (
				9CE709891DF09CC300AEDB54 /* KaleidoNav */,
				9CE7099E1DF09CC300AEDB54 /* KaleidoNavTests */,
				9CE709A91DF09CC300AEDB54 /* KaleidoNavUITests */,
				9CE709881DF09CC300AEDB54 /* Products */,
			);
			sourceTree = "<group>";
		};
		9CE709881DF09CC300AEDB54 /* Products */ = {
			isa = PBXGroup;
			children = (
				9CE709871DF09CC300AEDB54 /* KaleidoNav.app */,
				9CE7099B1DF09CC300AEDB54 /* KaleidoNavTests.xctest */,
				9CE709A61DF09CC300AEDB54 /* KaleidoNavUITests.xctest */,
			);
			name = Products;
			sourceTree = "<group>";
		};
		9CE709891DF09CC300AEDB54 /* KaleidoNav */ = {
			isa = PBXGroup;
			children = (
				9CE709C21DF09D1C00AEDB54 /* Main.storyboard */,
				9CE709B81DF09D1300AEDB54 /* ConfigView.swift */,
				9CE709B91DF09D1300AEDB54 /* ConfigViewController.swift */,
				9CE709BA1DF09D1300AEDB54 /* KaleidoView.swift */,
				9CE709BB1DF09D1300AEDB54 /* KaleidoViewController.swift */,
				9CE709BC1DF09D1300AEDB54 /* ViewController.swift */,
				9CE7098A1DF09CC300AEDB54 /* AppDelegate.swift */,
				9CE709911DF09CC300AEDB54 /* Assets.xcassets */,
				9CE709931DF09CC300AEDB54 /* LaunchScreen.storyboard */,
				9CE709961DF09CC300AEDB54 /* Info.plist */,
			);
			path = KaleidoNav;
			sourceTree = "<group>";
		};
		9CE7099E1DF09CC300AEDB54 /* KaleidoNavTests */ = {
			isa = PBXGroup;
			children = (
				9CE7099F1DF09CC300AEDB54 /* KaleidoNavTests.swift */,
				9CE709A11DF09CC300AEDB54 /* Info.plist */,
			);
			path = KaleidoNavTests;
			sourceTree = "<group>";
		};
		9CE709A91DF09CC300AEDB54 /* KaleidoNavUITests */ = {
			isa = PBXGroup;
			children = (
				9CE709AA1DF09CC300AEDB54 /* KaleidoNavUITests.swift */,
				9CE709AC1DF09CC300AEDB54 /* Info.plist */,
			);
			path = KaleidoNavUITests;
			sourceTree = "<group>";
		};
/* End PBXGroup section */

/* Begin PBXNativeTarget section */
		9CE709861DF09CC300AEDB54 /* KaleidoNav */ = {
			isa = PBXNativeTarget;
			buildConfigurationList = 9CE709AF1DF09CC300AEDB54 /* Build configuration list for PBXNativeTarget "KaleidoNav" */;
			buildPhases = (
				9CE709831DF09CC300AEDB54 /* Sources */,
				9CE709841DF09CC300AEDB54 /* Frameworks */,
				9CE709851DF09CC300AEDB54 /* Resources */,
			);
			buildRules = (
			);
			dependencies = (
			);
			name = KaleidoNav;
			productName = KaleidoNav;
			productReference = 9CE709871DF09CC300AEDB54 /* KaleidoNav.app */;
			productType = "com.apple.product-type.application";
		};
		9CE7099A1DF09CC300AEDB54 /* KaleidoNavTests */ = {
			isa = PBXNativeTarget;
			buildConfigurationList = 9CE709B21DF09CC300AEDB54 /* Build configuration list for PBXNativeTarget "KaleidoNavTests" */;
			buildPhases = (
				9CE709971DF09CC300AEDB54 /* Sources */,
				9CE709981DF09CC300AEDB54 /* Frameworks */,
				9CE709991DF09CC300AEDB54 /* Resources */,
			);
			buildRules = (
			);
			dependencies = (
				9CE7099D1DF09CC300AEDB54 /* PBXTargetDependency */,
			);
			name = KaleidoNavTests;
			productName = KaleidoNavTests;
			productReference = 9CE7099B1DF09CC300AEDB54 /* KaleidoNavTests.xctest */;
			productType = "com.apple.product-type.bundle.unit-test";
		};
		9CE709A51DF09CC300AEDB54 /* KaleidoNavUITests */ = {
			isa = PBXNativeTarget;
			buildConfigurationList = 9CE709B51DF09CC300AEDB54 /* Build configuration list for PBXNativeTarget "KaleidoNavUITests" */;
			buildPhases = (
				9CE709A21DF09CC300AEDB54 /* Sources */,
				9CE709A31DF09CC300AEDB54 /* Frameworks */,
				9CE709A41DF09CC300AEDB54 /* Resources */,
			);
			buildRules = (
			);
			dependencies = (
				9CE709A81DF09CC300AEDB54 /* PBXTargetDependency */,
			);
			name = KaleidoNavUITests;
			productName = KaleidoNavUITests;
			productReference = 9CE709A61DF09CC300AEDB54 /* KaleidoNavUITests.xctest */;
			productType = "com.apple.product-type.bundle.ui-testing";
		};
/* End PBXNativeTarget section */

/* Begin PBXProject section */
		9CE7097F1DF09CC300AEDB54 /* Project object */ = {
			isa = PBXProject;
			attributes = {
				LastSwiftUpdateCheck = 0730;
				LastUpgradeCheck = 0730;
				ORGANIZATIONNAME = wkomer;
				TargetAttributes = {
					9CE709861DF09CC300AEDB54 = {
						CreatedOnToolsVersion = 7.3.1;
						DevelopmentTeam = D4YUPNZZDA;
					};
					9CE7099A1DF09CC300AEDB54 = {
						CreatedOnToolsVersion = 7.3.1;
						DevelopmentTeam = D4YUPNZZDA;
						TestTargetID = 9CE709861DF09CC300AEDB54;
					};
					9CE709A51DF09CC300AEDB54 = {
						CreatedOnToolsVersion = 7.3.1;
						DevelopmentTeam = D4YUPNZZDA;
						TestTargetID = 9CE709861DF09CC300AEDB54;
					};
				};
			};
			buildConfigurationList = 9CE709821DF09CC300AEDB54 /* Build configuration list for PBXProject "KaleidoNav" */;
			compatibilityVersion = "Xcode 3.2";
			developmentRegion = English;
			hasScannedForEncodings = 0;
			knownRegions = (
				en,
				Base,
			);
			mainGroup = 9CE7097E1DF09CC300AEDB54;
			productRefGroup = 9CE709881DF09CC300AEDB54 /* Products */;
			projectDirPath = "";
			projectRoot = "";
			targets = (
				9CE709861DF09CC300AEDB54 /* KaleidoNav */,
				9CE7099A1DF09CC300AEDB54 /* KaleidoNavTests */,
				9CE709A51DF09CC300AEDB54 /* KaleidoNavUITests */,
			);
		};
/* End PBXProject section */

/* Begin PBXResourcesBuildPhase section */
		9CE709851DF09CC300AEDB54 /* Resources */ = {
			isa = PBXResourcesBuildPhase;
			buildActionMask = 2147483647;
			files = (
				9CE709C41DF09D1C00AEDB54 /* Main.storyboard in Resources */,
				9CE709951DF09CC300AEDB54 /* LaunchScreen.storyboard in Resources */,
				9CE709921DF09CC300AEDB54 /* Assets.xcassets in Resources */,
			);
			runOnlyForDeploymentPostprocessing = 0;
		};
		9CE709991DF09CC300AEDB54 /* Resources */ = {
			isa = PBXResourcesBuildPhase;
			buildActionMask = 2147483647;
			files = (
			);
			runOnlyForDeploymentPostprocessing = 0;
		};
		9CE709A41DF09CC300AEDB54 /* Resources */ = {
			isa = PBXResourcesBuildPhase;
			buildActionMask = 2147483647;
			files = (
			);
			runOnlyForDeploymentPostprocessing = 0;
		};
/* End PBXResourcesBuildPhase section */

/* Begin PBXSourcesBuildPhase section */
		9CE709831DF09CC300AEDB54 /* Sources */ = {
			isa = PBXSourcesBuildPhase;
			buildActionMask = 2147483647;
			files = (
				9CE709C11DF09D1300AEDB54 /* ViewController.swift in Sources */,
				9CE709C01DF09D1300AEDB54 /* KaleidoViewController.swift in Sources */,
				9CE709BF1DF09D1300AEDB54 /* KaleidoView.swift in Sources */,
				9CE709BD1DF09D1300AEDB54 /* ConfigView.swift in Sources */,
				9CE7098B1DF09CC300AEDB54 /* AppDelegate.swift in Sources */,
				9CE709BE1DF09D1300AEDB54 /* ConfigViewController.swift in Sources */,
			);
			runOnlyForDeploymentPostprocessing = 0;
		};
		9CE709971DF09CC300AEDB54 /* Sources */ = {
			isa = PBXSourcesBuildPhase;
			buildActionMask = 2147483647;
			files = (
				9CE709A01DF09CC300AEDB54 /* KaleidoNavTests.swift in Sources */,
			);
			runOnlyForDeploymentPostprocessing = 0;
		};
		9CE709A21DF09CC300AEDB54 /* Sources */ = {
			isa = PBXSourcesBuildPhase;
			buildActionMask = 2147483647;
			files = (
				9CE709AB1DF09CC300AEDB54 /* KaleidoNavUITests.swift in Sources */,
			);
			runOnlyForDeploymentPostprocessing = 0;
		};
/* End PBXSourcesBuildPhase section */

/* Begin PBXTargetDependency section */
		9CE7099D1DF09CC300AEDB54 /* PBXTargetDependency */ = {
			isa = PBXTargetDependency;
			target = 9CE709861DF09CC300AEDB54 /* KaleidoNav */;
			targetProxy = 9CE7099C1DF09CC300AEDB54 /* PBXContainerItemProxy */;
		};
		9CE709A81DF09CC300AEDB54 /* PBXTargetDependency */ = {
			isa = PBXTargetDependency;
			target = 9CE709861DF09CC300AEDB54 /* KaleidoNav */;
			targetProxy = 9CE709A71DF09CC300AEDB54 /* PBXContainerItemProxy */;
		};
/* End PBXTargetDependency section */

/* Begin PBXVariantGroup section */
		9CE709931DF09CC300AEDB54 /* LaunchScreen.storyboard */ = {
			isa = PBXVariantGroup;
			children = (
				9CE709941DF09CC300AEDB54 /* Base */,
			);
			name = LaunchScreen.storyboard;
			sourceTree = "<group>";
		};
		9CE709C21DF09D1C00AEDB54 /* Main.storyboard */ = {
			isa = PBXVariantGroup;
			children = (
				9CE709C31DF09D1C00AEDB54 /* Base */,
			);
			name = Main.storyboard;
			sourceTree = "<group>";
		};
/* End PBXVariantGroup section */

/* Begin XCBuildConfiguration section */
		9CE709AD1DF09CC300AEDB54 /* Debug */ = {
			isa = XCBuildConfiguration;
			buildSettings = {
				ALWAYS_SEARCH_USER_PATHS = NO;
				CLANG_ANALYZER_NONNULL = YES;
				CLANG_CXX_LANGUAGE_STANDARD = "gnu++0x";
				CLANG_CXX_LIBRARY = "libc++";
				CLANG_ENABLE_MODULES = YES;
				CLANG_ENABLE_OBJC_ARC = YES;
				CLANG_WARN_BOOL_CONVERSION = YES;
				CLANG_WARN_CONSTANT_CONVERSION = YES;
				CLANG_WARN_DIRECT_OBJC_ISA_USAGE = YES_ERROR;
				CLANG_WARN_EMPTY_BODY = YES;
				CLANG_WARN_ENUM_CONVERSION = YES;
				CLANG_WARN_INT_CONVERSION = YES;
				CLANG_WARN_OBJC_ROOT_CLASS = YES_ERROR;
				CLANG_WARN_UNREACHABLE_CODE = YES;
				CLANG_WARN__DUPLICATE_METHOD_MATCH = YES;
				"CODE_SIGN_IDENTITY[sdk=iphoneos*]" = "iPhone Developer";
				COPY_PHASE_STRIP = NO;
				DEBUG_INFORMATION_FORMAT = dwarf;
				ENABLE_STRICT_OBJC_MSGSEND = YES;
				ENABLE_TESTABILITY = YES;
				GCC_C_LANGUAGE_STANDARD = gnu99;
				GCC_DYNAMIC_NO_PIC = NO;
				GCC_NO_COMMON_BLOCKS = YES;
				GCC_OPTIMIZATION_LEVEL = 0;
				GCC_PREPROCESSOR_DEFINITIONS = (
					"DEBUG=1",
					"$(inherited)",
				);
				GCC_WARN_64_TO_32_BIT_CONVERSION = YES;
				GCC_WARN_ABOUT_RETURN_TYPE = YES_ERROR;
				GCC_WARN_UNDECLARED_SELECTOR = YES;
				GCC_WARN_UNINITIALIZED_AUTOS = YES_AGGRESSIVE;
				GCC_WARN_UNUSED_FUNCTION = YES;
				GCC_WARN_UNUSED_VARIABLE = YES;
				IPHONEOS_DEPLOYMENT_TARGET = 9.3;
				MTL_ENABLE_DEBUG_INFO = YES;
				ONLY_ACTIVE_ARCH = YES;
				SDKROOT = iphoneos;
				SWIFT_OPTIMIZATION_LEVEL = "-Onone";
				TARGETED_DEVICE_FAMILY = "1,2";
			};
			name = Debug;
		};
		9CE709AE1DF09CC300AEDB54 /* Release */ = {
			isa = XCBuildConfiguration;
			buildSettings = {
				ALWAYS_SEARCH_USER_PATHS = NO;
				CLANG_ANALYZER_NONNULL = YES;
				CLANG_CXX_LANGUAGE_STANDARD = "gnu++0x";
				CLANG_CXX_LIBRARY = "libc++";
				CLANG_ENABLE_MODULES = YES;
				CLANG_ENABLE_OBJC_ARC = YES;
				CLANG_WARN_BOOL_CONVERSION = YES;
				CLANG_WARN_CONSTANT_CONVERSION = YES;
				CLANG_WARN_DIRECT_OBJC_ISA_USAGE = YES_ERROR;
				CLANG_WARN_EMPTY_BODY = YES;
				CLANG_WARN_ENUM_CONVERSION = YES;
				CLANG_WARN_INT_CONVERSION = YES;
				CLANG_WARN_OBJC_ROOT_CLASS = YES_ERROR;
				CLANG_WARN_UNREACHABLE_CODE = YES;
				CLANG_WARN__DUPLICATE_METHOD_MATCH = YES;
				"CODE_SIGN_IDENTITY[sdk=iphoneos*]" = "iPhone Developer";
				COPY_PHASE_STRIP = NO;
				DEBUG_INFORMATION_FORMAT = "dwarf-with-dsym";
				ENABLE_NS_ASSERTIONS = NO;
				ENABLE_STRICT_OBJC_MSGSEND = YES;
				GCC_C_LANGUAGE_STANDARD = gnu99;
				GCC_NO_COMMON_BLOCKS = YES;
				GCC_WARN_64_TO_32_BIT_CONVERSION = YES;
				GCC_WARN_ABOUT_RETURN_TYPE = YES_ERROR;
				GCC_WARN_UNDECLARED_SELECTOR = YES;
				GCC_WARN_UNINITIALIZED_AUTOS = YES_AGGRESSIVE;
				GCC_WARN_UNUSED_FUNCTION = YES;
				GCC_WARN_UNUSED_VARIABLE = YES;
				IPHONEOS_DEPLOYMENT_TARGET = 9.3;
				MTL_ENABLE_DEBUG_INFO = NO;
				SDKROOT = iphoneos;
				TARGETED_DEVICE_FAMILY = "1,2";
				VALIDATE_PRODUCT = YES;
			};
			name = Release;
		};
		9CE709B01DF09CC300AEDB54 /* Debug */ = {
			isa = XCBuildConfiguration;
			buildSettings = {
				ASSETCATALOG_COMPILER_APPICON_NAME = AppIcon;
				INFOPLIST_FILE = KaleidoNav/Info.plist;
				LD_RUNPATH_SEARCH_PATHS = "$(inherited) @executable_path/Frameworks";
				PRODUCT_BUNDLE_IDENTIFIER = wkomer.KaleidoNav;
				PRODUCT_NAME = "$(TARGET_NAME)";
			};
			name = Debug;
		};
		9CE709B11DF09CC300AEDB54 /* Release */ = {
			isa = XCBuildConfiguration;
			buildSettings = {
				ASSETCATALOG_COMPILER_APPICON_NAME = AppIcon;
				INFOPLIST_FILE = KaleidoNav/Info.plist;
				LD_RUNPATH_SEARCH_PATHS = "$(inherited) @executable_path/Frameworks";
				PRODUCT_BUNDLE_IDENTIFIER = wkomer.KaleidoNav;
				PRODUCT_NAME = "$(TARGET_NAME)";
			};
			name = Release;
		};
		9CE709B31DF09CC300AEDB54 /* Debug */ = {
			isa = XCBuildConfiguration;
			buildSettings = {
				BUNDLE_LOADER = "$(TEST_HOST)";
				INFOPLIST_FILE = KaleidoNavTests/Info.plist;
				LD_RUNPATH_SEARCH_PATHS = "$(inherited) @executable_path/Frameworks @loader_path/Frameworks";
				PRODUCT_BUNDLE_IDENTIFIER = wkomer.KaleidoNavTests;
				PRODUCT_NAME = "$(TARGET_NAME)";
				TEST_HOST = "$(BUILT_PRODUCTS_DIR)/KaleidoNav.app/KaleidoNav";
			};
			name = Debug;
		};
		9CE709B41DF09CC300AEDB54 /* Release */ = {
			isa = XCBuildConfiguration;
			buildSettings = {
				BUNDLE_LOADER = "$(TEST_HOST)";
				INFOPLIST_FILE = KaleidoNavTests/Info.plist;
				LD_RUNPATH_SEARCH_PATHS = "$(inherited) @executable_path/Frameworks @loader_path/Frameworks";
				PRODUCT_BUNDLE_IDENTIFIER = wkomer.KaleidoNavTests;
				PRODUCT_NAME = "$(TARGET_NAME)";
				TEST_HOST = "$(BUILT_PRODUCTS_DIR)/KaleidoNav.app/KaleidoNav";
			};
			name = Release;
		};
		9CE709B61DF09CC300AEDB54 /* Debug */ = {
			isa = XCBuildConfiguration;
			buildSettings = {
				INFOPLIST_FILE = KaleidoNavUITests/Info.plist;
				LD_RUNPATH_SEARCH_PATHS = "$(inherited) @executable_path/Frameworks @loader_path/Frameworks";
				PRODUCT_BUNDLE_IDENTIFIER = wkomer.KaleidoNavUITests;
				PRODUCT_NAME = "$(TARGET_NAME)";
				TEST_TARGET_NAME = KaleidoNav;
			};
			name = Debug;
		};
		9CE709B71DF09CC300AEDB54 /* Release */ = {
			isa = XCBuildConfiguration;
			buildSettings = {
				INFOPLIST_FILE = KaleidoNavUITests/Info.plist;
				LD_RUNPATH_SEARCH_PATHS = "$(inherited) @executable_path/Frameworks @loader_path/Frameworks";
				PRODUCT_BUNDLE_IDENTIFIER = wkomer.KaleidoNavUITests;
				PRODUCT_NAME = "$(TARGET_NAME)";
				TEST_TARGET_NAME = KaleidoNav;
			};
			name = Release;
		};
/* End XCBuildConfiguration section */

/* Begin XCConfigurationList section */
		9CE709821DF09CC300AEDB54 /* Build configuration list for PBXProject "KaleidoNav" */ = {
			isa = XCConfigurationList;
			buildConfigurations = (
				9CE709AD1DF09CC300AEDB54 /* Debug */,
				9CE709AE1DF09CC300AEDB54 /* Release */,
			);
			defaultConfigurationIsVisible = 0;
			defaultConfigurationName = Release;
		};
		9CE709AF1DF09CC300AEDB54 /* Build configuration list for PBXNativeTarget "KaleidoNav" */ = {
			isa = XCConfigurationList;
			buildConfigurations = (
				9CE709B01DF09CC300AEDB54 /* Debug */,
				9CE709B11DF09CC300AEDB54 /* Release */,
			);
			defaultConfigurationIsVisible = 0;
		};
		9CE709B21DF09CC300AEDB54 /* Build configuration list for PBXNativeTarget "KaleidoNavTests" */ = {
			isa = XCConfigurationList;
			buildConfigurations = (
				9CE709B31DF09CC300AEDB54 /* Debug */,
				9CE709B41DF09CC300AEDB54 /* Release */,
			);
			defaultConfigurationIsVisible = 0;
		};
		9CE709B51DF09CC300AEDB54 /* Build configuration list for PBXNativeTarget "KaleidoNavUITests" */ = {
			isa = XCConfigurationList;
			buildConfigurations = (
				9CE709B61DF09CC300AEDB54 /* Debug */,
				9CE709B71DF09CC300AEDB54 /* Release */,
			);
			defaultConfigurationIsVisible = 0;
		};
/* End XCConfigurationList section */
	};
	rootObject = 9CE7097F1DF09CC300AEDB54 /* Project object */;
}
